
Microsoft Visual Studio Solution File, Format Version 12.00
# Visual Studio Version 16
VisualStudioVersion = 16.0.30523.141
MinimumVisualStudioVersion = 10.0.40219.1
Project("{FAE04EC0-301F-11D3-BF4B-00C04F79EFBC}") = "parquiadero UNAULA", "parquiadero UNAULA\parquiadero UNAULA.csproj", "{9F44A2A9-5692-42ED-8D30-780DD1166283}"
EndProject
Global
	GlobalSection(SolutionConfigurationPlatforms) = preSolution
		Debug|Any CPU = Debug|Any CPU
		Release|Any CPU = Release|Any CPU
	EndGlobalSection
	GlobalSection(ProjectConfigurationPlatforms) = postSolution
		{9F44A2A9-5692-42ED-8D30-780DD1166283}.Debug|Any CPU.ActiveCfg = Debug|Any CPU
		{9F44A2A9-5692-42ED-8D30-780DD1166283}.Debug|Any CPU.Build.0 = Debug|Any CPU
		{9F44A2A9-5692-42ED-8D30-780DD1166283}.Release|Any CPU.ActiveCfg = Release|Any CPU
		{9F44A2A9-5692-42ED-8D30-780DD1166283}.Release|Any CPU.Build.0 = Release|Any CPU
	EndGlobalSection
	GlobalSection(SolutionProperties) = preSolution
		HideSolutionNode = FALSE
	EndGlobalSection
	GlobalSection(ExtensibilityGlobals) = postSolution
		SolutionGuid = {53A4B32A-31CE-4333-8AB0-F3BCE491E1AE}
	EndGlobalSection
EndGlobal
